// !$*UTF8*$!
{
	archiveVersion = 1;
	classes = {
	};
	objectVersion = 56;
	objects = {

/* Begin PBXBuildFile section */
		139B24F2425324206A6BA018 /* Pods_TheMoviesDB.framework in Frameworks */ = {isa = PBXBuildFile; fileRef = AA54E9E1C2B56DFC36E6C247 /* Pods_TheMoviesDB.framework */; };
		B62657AB29E259B400902122 /* TableViewCellPopularMovies.swift in Sources */ = {isa = PBXBuildFile; fileRef = B62657AA29E259B400902122 /* TableViewCellPopularMovies.swift */; };
		B62657AD29E268E600902122 /* CollectionViewCellPopularMovies.swift in Sources */ = {isa = PBXBuildFile; fileRef = B62657AC29E268E600902122 /* CollectionViewCellPopularMovies.swift */; };
		B67A21CF29E19FBE00CB02BF /* AppDelegate.swift in Sources */ = {isa = PBXBuildFile; fileRef = B67A21CE29E19FBE00CB02BF /* AppDelegate.swift */; };
		B67A21D129E19FBE00CB02BF /* SceneDelegate.swift in Sources */ = {isa = PBXBuildFile; fileRef = B67A21D029E19FBE00CB02BF /* SceneDelegate.swift */; };
		B67A21D829E19FBF00CB02BF /* Assets.xcassets in Resources */ = {isa = PBXBuildFile; fileRef = B67A21D729E19FBF00CB02BF /* Assets.xcassets */; };
		B67A21DB29E19FBF00CB02BF /* LaunchScreen.storyboard in Resources */ = {isa = PBXBuildFile; fileRef = B67A21D929E19FBF00CB02BF /* LaunchScreen.storyboard */; };
		B67A21E629E1AAD100CB02BF /* Coordinator.swift in Sources */ = {isa = PBXBuildFile; fileRef = B67A21E529E1AAD100CB02BF /* Coordinator.swift */; };
		B67A21E929E1AB9E00CB02BF /* PopularMoviesViewController.swift in Sources */ = {isa = PBXBuildFile; fileRef = B67A21E829E1AB9E00CB02BF /* PopularMoviesViewController.swift */; };
		B67A21EB29E1ABC600CB02BF /* PopularMoviesView.swift in Sources */ = {isa = PBXBuildFile; fileRef = B67A21EA29E1ABC600CB02BF /* PopularMoviesView.swift */; };
		B67A21ED29E1AE7200CB02BF /* PopularMoviesViewModel.swift in Sources */ = {isa = PBXBuildFile; fileRef = B67A21EC29E1AE7200CB02BF /* PopularMoviesViewModel.swift */; };
		B67A21F029E1AF0100CB02BF /* HomeTabBarViewController.swift in Sources */ = {isa = PBXBuildFile; fileRef = B67A21EF29E1AF0100CB02BF /* HomeTabBarViewController.swift */; };
		B67A21F329E1AF7D00CB02BF /* SearchMoviesViewController.swift in Sources */ = {isa = PBXBuildFile; fileRef = B67A21F229E1AF7D00CB02BF /* SearchMoviesViewController.swift */; };
		B67A21F629E1BA1900CB02BF /* HomeMoviesViewController.swift in Sources */ = {isa = PBXBuildFile; fileRef = B67A21F529E1BA1900CB02BF /* HomeMoviesViewController.swift */; };
		B67A21F829E1BB0900CB02BF /* HomeMoviesView.swift in Sources */ = {isa = PBXBuildFile; fileRef = B67A21F729E1BB0900CB02BF /* HomeMoviesView.swift */; };
		B67A21FB29E1E18A00CB02BF /* NetWork.swift in Sources */ = {isa = PBXBuildFile; fileRef = B67A21FA29E1E18A00CB02BF /* NetWork.swift */; };
		B67A21FE29E1E4F400CB02BF /* PopularMovies.swift in Sources */ = {isa = PBXBuildFile; fileRef = B67A21FD29E1E4F400CB02BF /* PopularMovies.swift */; };
		B67A220129E1E7AB00CB02BF /* Services.swift in Sources */ = {isa = PBXBuildFile; fileRef = B67A220029E1E7AB00CB02BF /* Services.swift */; };
		B67A220429E1EBB000CB02BF /* Worker.swift in Sources */ = {isa = PBXBuildFile; fileRef = B67A220329E1EBB000CB02BF /* Worker.swift */; };
		B67A220629E1F20A00CB02BF /* NowPlaying.swift in Sources */ = {isa = PBXBuildFile; fileRef = B67A220529E1F20A00CB02BF /* NowPlaying.swift */; };
		B67A220829E1F3FF00CB02BF /* TopRated.swift in Sources */ = {isa = PBXBuildFile; fileRef = B67A220729E1F3FF00CB02BF /* TopRated.swift */; };
		B67A220A29E1F54B00CB02BF /* UpComing.swift in Sources */ = {isa = PBXBuildFile; fileRef = B67A220929E1F54B00CB02BF /* UpComing.swift */; };
/* End PBXBuildFile section */

/* Begin PBXFileReference section */
		1752B6CBCC09664B22EA972F /* Pods-TheMoviesDB.release.xcconfig */ = {isa = PBXFileReference; includeInIndex = 1; lastKnownFileType = text.xcconfig; name = "Pods-TheMoviesDB.release.xcconfig"; path = "Target Support Files/Pods-TheMoviesDB/Pods-TheMoviesDB.release.xcconfig"; sourceTree = "<group>"; };
		4A96DB10B423F7816E5BA198 /* Pods-TheMoviesDB.debug.xcconfig */ = {isa = PBXFileReference; includeInIndex = 1; lastKnownFileType = text.xcconfig; name = "Pods-TheMoviesDB.debug.xcconfig"; path = "Target Support Files/Pods-TheMoviesDB/Pods-TheMoviesDB.debug.xcconfig"; sourceTree = "<group>"; };
		AA54E9E1C2B56DFC36E6C247 /* Pods_TheMoviesDB.framework */ = {isa = PBXFileReference; explicitFileType = wrapper.framework; includeInIndex = 0; path = Pods_TheMoviesDB.framework; sourceTree = BUILT_PRODUCTS_DIR; };
		B62657AA29E259B400902122 /* TableViewCellPopularMovies.swift */ = {isa = PBXFileReference; lastKnownFileType = sourcecode.swift; path = TableViewCellPopularMovies.swift; sourceTree = "<group>"; };
		B62657AC29E268E600902122 /* CollectionViewCellPopularMovies.swift */ = {isa = PBXFileReference; lastKnownFileType = sourcecode.swift; path = CollectionViewCellPopularMovies.swift; sourceTree = "<group>"; };
		B67A21CB29E19FBE00CB02BF /* TheMoviesDB.app */ = {isa = PBXFileReference; explicitFileType = wrapper.application; includeInIndex = 0; path = TheMoviesDB.app; sourceTree = BUILT_PRODUCTS_DIR; };
		B67A21CE29E19FBE00CB02BF /* AppDelegate.swift */ = {isa = PBXFileReference; lastKnownFileType = sourcecode.swift; path = AppDelegate.swift; sourceTree = "<group>"; };
		B67A21D029E19FBE00CB02BF /* SceneDelegate.swift */ = {isa = PBXFileReference; lastKnownFileType = sourcecode.swift; path = SceneDelegate.swift; sourceTree = "<group>"; };
		B67A21D729E19FBF00CB02BF /* Assets.xcassets */ = {isa = PBXFileReference; lastKnownFileType = folder.assetcatalog; path = Assets.xcassets; sourceTree = "<group>"; };
		B67A21DA29E19FBF00CB02BF /* Base */ = {isa = PBXFileReference; lastKnownFileType = file.storyboard; name = Base; path = Base.lproj/LaunchScreen.storyboard; sourceTree = "<group>"; };
		B67A21DC29E19FBF00CB02BF /* Info.plist */ = {isa = PBXFileReference; lastKnownFileType = text.plist.xml; path = Info.plist; sourceTree = "<group>"; };
		B67A21E529E1AAD100CB02BF /* Coordinator.swift */ = {isa = PBXFileReference; lastKnownFileType = sourcecode.swift; path = Coordinator.swift; sourceTree = "<group>"; };
		B67A21E829E1AB9E00CB02BF /* PopularMoviesViewController.swift */ = {isa = PBXFileReference; lastKnownFileType = sourcecode.swift; path = PopularMoviesViewController.swift; sourceTree = "<group>"; };
		B67A21EA29E1ABC600CB02BF /* PopularMoviesView.swift */ = {isa = PBXFileReference; lastKnownFileType = sourcecode.swift; path = PopularMoviesView.swift; sourceTree = "<group>"; };
		B67A21EC29E1AE7200CB02BF /* PopularMoviesViewModel.swift */ = {isa = PBXFileReference; lastKnownFileType = sourcecode.swift; path = PopularMoviesViewModel.swift; sourceTree = "<group>"; };
		B67A21EF29E1AF0100CB02BF /* HomeTabBarViewController.swift */ = {isa = PBXFileReference; lastKnownFileType = sourcecode.swift; path = HomeTabBarViewController.swift; sourceTree = "<group>"; };
		B67A21F229E1AF7D00CB02BF /* SearchMoviesViewController.swift */ = {isa = PBXFileReference; lastKnownFileType = sourcecode.swift; path = SearchMoviesViewController.swift; sourceTree = "<group>"; };
		B67A21F529E1BA1900CB02BF /* HomeMoviesViewController.swift */ = {isa = PBXFileReference; lastKnownFileType = sourcecode.swift; path = HomeMoviesViewController.swift; sourceTree = "<group>"; };
		B67A21F729E1BB0900CB02BF /* HomeMoviesView.swift */ = {isa = PBXFileReference; lastKnownFileType = sourcecode.swift; path = HomeMoviesView.swift; sourceTree = "<group>"; };
		B67A21FA29E1E18A00CB02BF /* NetWork.swift */ = {isa = PBXFileReference; lastKnownFileType = sourcecode.swift; path = NetWork.swift; sourceTree = "<group>"; };
		B67A21FD29E1E4F400CB02BF /* PopularMovies.swift */ = {isa = PBXFileReference; lastKnownFileType = sourcecode.swift; path = PopularMovies.swift; sourceTree = "<group>"; };
		B67A220029E1E7AB00CB02BF /* Services.swift */ = {isa = PBXFileReference; lastKnownFileType = sourcecode.swift; path = Services.swift; sourceTree = "<group>"; };
		B67A220329E1EBB000CB02BF /* Worker.swift */ = {isa = PBXFileReference; lastKnownFileType = sourcecode.swift; path = Worker.swift; sourceTree = "<group>"; };
		B67A220529E1F20A00CB02BF /* NowPlaying.swift */ = {isa = PBXFileReference; lastKnownFileType = sourcecode.swift; path = NowPlaying.swift; sourceTree = "<group>"; };
		B67A220729E1F3FF00CB02BF /* TopRated.swift */ = {isa = PBXFileReference; lastKnownFileType = sourcecode.swift; path = TopRated.swift; sourceTree = "<group>"; };
		B67A220929E1F54B00CB02BF /* UpComing.swift */ = {isa = PBXFileReference; lastKnownFileType = sourcecode.swift; path = UpComing.swift; sourceTree = "<group>"; };
/* End PBXFileReference section */

/* Begin PBXFrameworksBuildPhase section */
		B67A21C829E19FBE00CB02BF /* Frameworks */ = {
			isa = PBXFrameworksBuildPhase;
			buildActionMask = 2147483647;
			files = (
				139B24F2425324206A6BA018 /* Pods_TheMoviesDB.framework in Frameworks */,
			);
			runOnlyForDeploymentPostprocessing = 0;
		};
/* End PBXFrameworksBuildPhase section */

/* Begin PBXGroup section */
		18BB6E3B1395321934BE6ACA /* Pods */ = {
			isa = PBXGroup;
			children = (
				4A96DB10B423F7816E5BA198 /* Pods-TheMoviesDB.debug.xcconfig */,
				1752B6CBCC09664B22EA972F /* Pods-TheMoviesDB.release.xcconfig */,
			);
			path = Pods;
			sourceTree = "<group>";
		};
		2A078F2D6A0E2D631CB8AFC6 /* Frameworks */ = {
			isa = PBXGroup;
			children = (
				AA54E9E1C2B56DFC36E6C247 /* Pods_TheMoviesDB.framework */,
			);
			name = Frameworks;
			sourceTree = "<group>";
		};
		B62657A729E258C000902122 /* TableViewCell */ = {
			isa = PBXGroup;
			children = (
				B62657AA29E259B400902122 /* TableViewCellPopularMovies.swift */,
			);
			path = TableViewCell;
			sourceTree = "<group>";
		};
		B62657A829E258ED00902122 /* PopularMoviesList */ = {
			isa = PBXGroup;
			children = (
				B67A21EA29E1ABC600CB02BF /* PopularMoviesView.swift */,
				B67A21E829E1AB9E00CB02BF /* PopularMoviesViewController.swift */,
				B67A21EC29E1AE7200CB02BF /* PopularMoviesViewModel.swift */,
			);
			path = PopularMoviesList;
			sourceTree = "<group>";
		};
		B62657A929E2594700902122 /* CollectionViewCell */ = {
			isa = PBXGroup;
			children = (
				B62657AC29E268E600902122 /* CollectionViewCellPopularMovies.swift */,
			);
			path = CollectionViewCell;
			sourceTree = "<group>";
		};
		B67A21C229E19FBE00CB02BF = {
			isa = PBXGroup;
			children = (
				B67A21CD29E19FBE00CB02BF /* TheMoviesDB */,
				B67A21E229E1AA9200CB02BF /* Source */,
				B67A21CC29E19FBE00CB02BF /* Products */,
				18BB6E3B1395321934BE6ACA /* Pods */,
				2A078F2D6A0E2D631CB8AFC6 /* Frameworks */,
			);
			sourceTree = "<group>";
		};
		B67A21CC29E19FBE00CB02BF /* Products */ = {
			isa = PBXGroup;
			children = (
				B67A21CB29E19FBE00CB02BF /* TheMoviesDB.app */,
			);
			name = Products;
			sourceTree = "<group>";
		};
		B67A21CD29E19FBE00CB02BF /* TheMoviesDB */ = {
			isa = PBXGroup;
			children = (
				B67A21CE29E19FBE00CB02BF /* AppDelegate.swift */,
				B67A21D029E19FBE00CB02BF /* SceneDelegate.swift */,
				B67A21D729E19FBF00CB02BF /* Assets.xcassets */,
				B67A21D929E19FBF00CB02BF /* LaunchScreen.storyboard */,
				B67A21DC29E19FBF00CB02BF /* Info.plist */,
			);
			path = TheMoviesDB;
			sourceTree = "<group>";
		};
		B67A21E229E1AA9200CB02BF /* Source */ = {
			isa = PBXGroup;
			children = (
				B67A21E429E1AAA900CB02BF /* Controllers */,
				B67A21E329E1AAA000CB02BF /* Coordinator */,
				B67A21FC29E1E4DC00CB02BF /* Model */,
				B67A21F929E1E16E00CB02BF /* Network */,
				B67A21FF29E1E75500CB02BF /* NetworkServices */,
				B67A220229E1EBA100CB02BF /* Worker */,
			);
			path = Source;
			sourceTree = "<group>";
		};
		B67A21E329E1AAA000CB02BF /* Coordinator */ = {
			isa = PBXGroup;
			children = (
				B67A21E529E1AAD100CB02BF /* Coordinator.swift */,
			);
			path = Coordinator;
			sourceTree = "<group>";
		};
		B67A21E429E1AAA900CB02BF /* Controllers */ = {
			isa = PBXGroup;
			children = (
				B67A21F429E1BA0600CB02BF /* HomeMovies */,
				B67A21F129E1AF5400CB02BF /* SearchMovies */,
				B67A21EE29E1AEAF00CB02BF /* HomeTabBar */,
				B67A21E729E1AB4600CB02BF /* PopularMovies */,
			);
			path = Controllers;
			sourceTree = "<group>";
		};
		B67A21E729E1AB4600CB02BF /* PopularMovies */ = {
			isa = PBXGroup;
			children = (
				B62657A829E258ED00902122 /* PopularMoviesList */,
				B62657A929E2594700902122 /* CollectionViewCell */,
				B62657A729E258C000902122 /* TableViewCell */,
			);
			path = PopularMovies;
			sourceTree = "<group>";
		};
		B67A21EE29E1AEAF00CB02BF /* HomeTabBar */ = {
			isa = PBXGroup;
			children = (
				B67A21EF29E1AF0100CB02BF /* HomeTabBarViewController.swift */,
			);
			path = HomeTabBar;
			sourceTree = "<group>";
		};
		B67A21F129E1AF5400CB02BF /* SearchMovies */ = {
			isa = PBXGroup;
			children = (
				B67A21F229E1AF7D00CB02BF /* SearchMoviesViewController.swift */,
			);
			path = SearchMovies;
			sourceTree = "<group>";
		};
		B67A21F429E1BA0600CB02BF /* HomeMovies */ = {
			isa = PBXGroup;
			children = (
				B67A21F729E1BB0900CB02BF /* HomeMoviesView.swift */,
				B67A21F529E1BA1900CB02BF /* HomeMoviesViewController.swift */,
			);
			path = HomeMovies;
			sourceTree = "<group>";
		};
		B67A21F929E1E16E00CB02BF /* Network */ = {
			isa = PBXGroup;
			children = (
				B67A21FA29E1E18A00CB02BF /* NetWork.swift */,
			);
			path = Network;
			sourceTree = "<group>";
		};
		B67A21FC29E1E4DC00CB02BF /* Model */ = {
			isa = PBXGroup;
			children = (
				B67A220529E1F20A00CB02BF /* NowPlaying.swift */,
				B67A21FD29E1E4F400CB02BF /* PopularMovies.swift */,
				B67A220729E1F3FF00CB02BF /* TopRated.swift */,
				B67A220929E1F54B00CB02BF /* UpComing.swift */,
			);
			path = Model;
			sourceTree = "<group>";
		};
		B67A21FF29E1E75500CB02BF /* NetworkServices */ = {
			isa = PBXGroup;
			children = (
				B67A220029E1E7AB00CB02BF /* Services.swift */,
			);
			path = NetworkServices;
			sourceTree = "<group>";
		};
		B67A220229E1EBA100CB02BF /* Worker */ = {
			isa = PBXGroup;
			children = (
				B67A220329E1EBB000CB02BF /* Worker.swift */,
			);
			path = Worker;
			sourceTree = "<group>";
		};
/* End PBXGroup section */

/* Begin PBXNativeTarget section */
		B67A21CA29E19FBE00CB02BF /* TheMoviesDB */ = {
			isa = PBXNativeTarget;
			buildConfigurationList = B67A21DF29E19FBF00CB02BF /* Build configuration list for PBXNativeTarget "TheMoviesDB" */;
			buildPhases = (
				E5BDCDA4A0CEFB232E5F7FE3 /* [CP] Check Pods Manifest.lock */,
				B67A21C729E19FBE00CB02BF /* Sources */,
				B67A21C829E19FBE00CB02BF /* Frameworks */,
				B67A21C929E19FBE00CB02BF /* Resources */,
				A19569470D132712821B4606 /* [CP] Embed Pods Frameworks */,
			);
			buildRules = (
			);
			dependencies = (
			);
			name = TheMoviesDB;
			productName = TheMoviesDB;
			productReference = B67A21CB29E19FBE00CB02BF /* TheMoviesDB.app */;
			productType = "com.apple.product-type.application";
		};
/* End PBXNativeTarget section */

/* Begin PBXProject section */
		B67A21C329E19FBE00CB02BF /* Project object */ = {
			isa = PBXProject;
			attributes = {
				BuildIndependentTargetsInParallel = 1;
				LastSwiftUpdateCheck = 1420;
				LastUpgradeCheck = 1420;
				TargetAttributes = {
					B67A21CA29E19FBE00CB02BF = {
						CreatedOnToolsVersion = 14.2;
					};
				};
			};
			buildConfigurationList = B67A21C629E19FBE00CB02BF /* Build configuration list for PBXProject "TheMoviesDB" */;
			compatibilityVersion = "Xcode 14.0";
			developmentRegion = en;
			hasScannedForEncodings = 0;
			knownRegions = (
				en,
				Base,
			);
			mainGroup = B67A21C229E19FBE00CB02BF;
			productRefGroup = B67A21CC29E19FBE00CB02BF /* Products */;
			projectDirPath = "";
			projectRoot = "";
			targets = (
				B67A21CA29E19FBE00CB02BF /* TheMoviesDB */,
			);
		};
/* End PBXProject section */

/* Begin PBXResourcesBuildPhase section */
		B67A21C929E19FBE00CB02BF /* Resources */ = {
			isa = PBXResourcesBuildPhase;
			buildActionMask = 2147483647;
			files = (
				B67A21DB29E19FBF00CB02BF /* LaunchScreen.storyboard in Resources */,
				B67A21D829E19FBF00CB02BF /* Assets.xcassets in Resources */,
			);
			runOnlyForDeploymentPostprocessing = 0;
		};
/* End PBXResourcesBuildPhase section */

/* Begin PBXShellScriptBuildPhase section */
		A19569470D132712821B4606 /* [CP] Embed Pods Frameworks */ = {
			isa = PBXShellScriptBuildPhase;
			buildActionMask = 2147483647;
			files = (
			);
			inputFileListPaths = (
				"${PODS_ROOT}/Target Support Files/Pods-TheMoviesDB/Pods-TheMoviesDB-frameworks-${CONFIGURATION}-input-files.xcfilelist",
			);
			name = "[CP] Embed Pods Frameworks";
			outputFileListPaths = (
				"${PODS_ROOT}/Target Support Files/Pods-TheMoviesDB/Pods-TheMoviesDB-frameworks-${CONFIGURATION}-output-files.xcfilelist",
			);
			runOnlyForDeploymentPostprocessing = 0;
			shellPath = /bin/sh;
			shellScript = "\"${PODS_ROOT}/Target Support Files/Pods-TheMoviesDB/Pods-TheMoviesDB-frameworks.sh\"\n";
			showEnvVarsInLog = 0;
		};
		E5BDCDA4A0CEFB232E5F7FE3 /* [CP] Check Pods Manifest.lock */ = {
			isa = PBXShellScriptBuildPhase;
			buildActionMask = 2147483647;
			files = (
			);
			inputFileListPaths = (
			);
			inputPaths = (
				"${PODS_PODFILE_DIR_PATH}/Podfile.lock",
				"${PODS_ROOT}/Manifest.lock",
			);
			name = "[CP] Check Pods Manifest.lock";
			outputFileListPaths = (
			);
			outputPaths = (
				"$(DERIVED_FILE_DIR)/Pods-TheMoviesDB-checkManifestLockResult.txt",
			);
			runOnlyForDeploymentPostprocessing = 0;
			shellPath = /bin/sh;
			shellScript = "diff \"${PODS_PODFILE_DIR_PATH}/Podfile.lock\" \"${PODS_ROOT}/Manifest.lock\" > /dev/null\nif [ $? != 0 ] ; then\n    # print error to STDERR\n    echo \"error: The sandbox is not in sync with the Podfile.lock. Run 'pod install' or update your CocoaPods installation.\" >&2\n    exit 1\nfi\n# This output is used by Xcode 'outputs' to avoid re-running this script phase.\necho \"SUCCESS\" > \"${SCRIPT_OUTPUT_FILE_0}\"\n";
			showEnvVarsInLog = 0;
		};
/* End PBXShellScriptBuildPhase section */

/* Begin PBXSourcesBuildPhase section */
		B67A21C729E19FBE00CB02BF /* Sources */ = {
			isa = PBXSourcesBuildPhase;
			buildActionMask = 2147483647;
			files = (
				B67A220129E1E7AB00CB02BF /* Services.swift in Sources */,
				B67A21F029E1AF0100CB02BF /* HomeTabBarViewController.swift in Sources */,
				B67A21CF29E19FBE00CB02BF /* AppDelegate.swift in Sources */,
				B67A21FB29E1E18A00CB02BF /* NetWork.swift in Sources */,
				B67A220A29E1F54B00CB02BF /* UpComing.swift in Sources */,
				B67A21D129E19FBE00CB02BF /* SceneDelegate.swift in Sources */,
				B67A21F629E1BA1900CB02BF /* HomeMoviesViewController.swift in Sources */,
				B67A21EB29E1ABC600CB02BF /* PopularMoviesView.swift in Sources */,
				B62657AD29E268E600902122 /* CollectionViewCellPopularMovies.swift in Sources */,
				B67A21E629E1AAD100CB02BF /* Coordinator.swift in Sources */,
				B67A21E929E1AB9E00CB02BF /* PopularMoviesViewController.swift in Sources */,
				B62657AB29E259B400902122 /* TableViewCellPopularMovies.swift in Sources */,
				B67A21F329E1AF7D00CB02BF /* SearchMoviesViewController.swift in Sources */,
				B67A21F829E1BB0900CB02BF /* HomeMoviesView.swift in Sources */,
				B67A220629E1F20A00CB02BF /* NowPlaying.swift in Sources */,
				B67A220829E1F3FF00CB02BF /* TopRated.swift in Sources */,
				B67A21ED29E1AE7200CB02BF /* PopularMoviesViewModel.swift in Sources */,
				B67A21FE29E1E4F400CB02BF /* PopularMovies.swift in Sources */,
				B67A220429E1EBB000CB02BF /* Worker.swift in Sources */,
			);
			runOnlyForDeploymentPostprocessing = 0;
		};
/* End PBXSourcesBuildPhase section */

/* Begin PBXVariantGroup section */
		B67A21D929E19FBF00CB02BF /* LaunchScreen.storyboard */ = {
			isa = PBXVariantGroup;
			children = (
				B67A21DA29E19FBF00CB02BF /* Base */,
			);
			name = LaunchScreen.storyboard;
			sourceTree = "<group>";
		};
/* End PBXVariantGroup section */

/* Begin XCBuildConfiguration section */
		B67A21DD29E19FBF00CB02BF /* Debug */ = {
			isa = XCBuildConfiguration;
			buildSettings = {
				ALWAYS_SEARCH_USER_PATHS = NO;
				CLANG_ANALYZER_NONNULL = YES;
				CLANG_ANALYZER_NUMBER_OBJECT_CONVERSION = YES_AGGRESSIVE;
				CLANG_CXX_LANGUAGE_STANDARD = "gnu++20";
				CLANG_ENABLE_MODULES = YES;
				CLANG_ENABLE_OBJC_ARC = YES;
				CLANG_ENABLE_OBJC_WEAK = YES;
				CLANG_WARN_BLOCK_CAPTURE_AUTORELEASING = YES;
				CLANG_WARN_BOOL_CONVERSION = YES;
				CLANG_WARN_COMMA = YES;
				CLANG_WARN_CONSTANT_CONVERSION = YES;
				CLANG_WARN_DEPRECATED_OBJC_IMPLEMENTATIONS = YES;
				CLANG_WARN_DIRECT_OBJC_ISA_USAGE = YES_ERROR;
				CLANG_WARN_DOCUMENTATION_COMMENTS = YES;
				CLANG_WARN_EMPTY_BODY = YES;
				CLANG_WARN_ENUM_CONVERSION = YES;
				CLANG_WARN_INFINITE_RECURSION = YES;
				CLANG_WARN_INT_CONVERSION = YES;
				CLANG_WARN_NON_LITERAL_NULL_CONVERSION = YES;
				CLANG_WARN_OBJC_IMPLICIT_RETAIN_SELF = YES;
				CLANG_WARN_OBJC_LITERAL_CONVERSION = YES;
				CLANG_WARN_OBJC_ROOT_CLASS = YES_ERROR;
				CLANG_WARN_QUOTED_INCLUDE_IN_FRAMEWORK_HEADER = YES;
				CLANG_WARN_RANGE_LOOP_ANALYSIS = YES;
				CLANG_WARN_STRICT_PROTOTYPES = YES;
				CLANG_WARN_SUSPICIOUS_MOVE = YES;
				CLANG_WARN_UNGUARDED_AVAILABILITY = YES_AGGRESSIVE;
				CLANG_WARN_UNREACHABLE_CODE = YES;
				CLANG_WARN__DUPLICATE_METHOD_MATCH = YES;
				COPY_PHASE_STRIP = NO;
				DEBUG_INFORMATION_FORMAT = dwarf;
				ENABLE_STRICT_OBJC_MSGSEND = YES;
				ENABLE_TESTABILITY = YES;
				GCC_C_LANGUAGE_STANDARD = gnu11;
				GCC_DYNAMIC_NO_PIC = NO;
				GCC_NO_COMMON_BLOCKS = YES;
				GCC_OPTIMIZATION_LEVEL = 0;
				GCC_PREPROCESSOR_DEFINITIONS = (
					"DEBUG=1",
					"$(inherited)",
				);
				GCC_WARN_64_TO_32_BIT_CONVERSION = YES;
				GCC_WARN_ABOUT_RETURN_TYPE = YES_ERROR;
				GCC_WARN_UNDECLARED_SELECTOR = YES;
				GCC_WARN_UNINITIALIZED_AUTOS = YES_AGGRESSIVE;
				GCC_WARN_UNUSED_FUNCTION = YES;
				GCC_WARN_UNUSED_VARIABLE = YES;
				IPHONEOS_DEPLOYMENT_TARGET = 16.2;
				MTL_ENABLE_DEBUG_INFO = INCLUDE_SOURCE;
				MTL_FAST_MATH = YES;
				ONLY_ACTIVE_ARCH = YES;
				SDKROOT = iphoneos;
				SWIFT_ACTIVE_COMPILATION_CONDITIONS = DEBUG;
				SWIFT_OPTIMIZATION_LEVEL = "-Onone";
			};
			name = Debug;
		};
		B67A21DE29E19FBF00CB02BF /* Release */ = {
			isa = XCBuildConfiguration;
			buildSettings = {
				ALWAYS_SEARCH_USER_PATHS = NO;
				CLANG_ANALYZER_NONNULL = YES;
				CLANG_ANALYZER_NUMBER_OBJECT_CONVERSION = YES_AGGRESSIVE;
				CLANG_CXX_LANGUAGE_STANDARD = "gnu++20";
				CLANG_ENABLE_MODULES = YES;
				CLANG_ENABLE_OBJC_ARC = YES;
				CLANG_ENABLE_OBJC_WEAK = YES;
				CLANG_WARN_BLOCK_CAPTURE_AUTORELEASING = YES;
				CLANG_WARN_BOOL_CONVERSION = YES;
				CLANG_WARN_COMMA = YES;
				CLANG_WARN_CONSTANT_CONVERSION = YES;
				CLANG_WARN_DEPRECATED_OBJC_IMPLEMENTATIONS = YES;
				CLANG_WARN_DIRECT_OBJC_ISA_USAGE = YES_ERROR;
				CLANG_WARN_DOCUMENTATION_COMMENTS = YES;
				CLANG_WARN_EMPTY_BODY = YES;
				CLANG_WARN_ENUM_CONVERSION = YES;
				CLANG_WARN_INFINITE_RECURSION = YES;
				CLANG_WARN_INT_CONVERSION = YES;
				CLANG_WARN_NON_LITERAL_NULL_CONVERSION = YES;
				CLANG_WARN_OBJC_IMPLICIT_RETAIN_SELF = YES;
				CLANG_WARN_OBJC_LITERAL_CONVERSION = YES;
				CLANG_WARN_OBJC_ROOT_CLASS = YES_ERROR;
				CLANG_WARN_QUOTED_INCLUDE_IN_FRAMEWORK_HEADER = YES;
				CLANG_WARN_RANGE_LOOP_ANALYSIS = YES;
				CLANG_WARN_STRICT_PROTOTYPES = YES;
				CLANG_WARN_SUSPICIOUS_MOVE = YES;
				CLANG_WARN_UNGUARDED_AVAILABILITY = YES_AGGRESSIVE;
				CLANG_WARN_UNREACHABLE_CODE = YES;
				CLANG_WARN__DUPLICATE_METHOD_MATCH = YES;
				COPY_PHASE_STRIP = NO;
				DEBUG_INFORMATION_FORMAT = "dwarf-with-dsym";
				ENABLE_NS_ASSERTIONS = NO;
				ENABLE_STRICT_OBJC_MSGSEND = YES;
				GCC_C_LANGUAGE_STANDARD = gnu11;
				GCC_NO_COMMON_BLOCKS = YES;
				GCC_WARN_64_TO_32_BIT_CONVERSION = YES;
				GCC_WARN_ABOUT_RETURN_TYPE = YES_ERROR;
				GCC_WARN_UNDECLARED_SELECTOR = YES;
				GCC_WARN_UNINITIALIZED_AUTOS = YES_AGGRESSIVE;
				GCC_WARN_UNUSED_FUNCTION = YES;
				GCC_WARN_UNUSED_VARIABLE = YES;
				IPHONEOS_DEPLOYMENT_TARGET = 16.2;
				MTL_ENABLE_DEBUG_INFO = NO;
				MTL_FAST_MATH = YES;
				SDKROOT = iphoneos;
				SWIFT_COMPILATION_MODE = wholemodule;
				SWIFT_OPTIMIZATION_LEVEL = "-O";
				VALIDATE_PRODUCT = YES;
			};
			name = Release;
		};
		B67A21E029E19FBF00CB02BF /* Debug */ = {
			isa = XCBuildConfiguration;
			baseConfigurationReference = 4A96DB10B423F7816E5BA198 /* Pods-TheMoviesDB.debug.xcconfig */;
			buildSettings = {
				ASSETCATALOG_COMPILER_APPICON_NAME = AppIcon;
				ASSETCATALOG_COMPILER_GLOBAL_ACCENT_COLOR_NAME = AccentColor;
				CODE_SIGN_STYLE = Automatic;
				CURRENT_PROJECT_VERSION = 1;
				GENERATE_INFOPLIST_FILE = YES;
				INFOPLIST_FILE = TheMoviesDB/Info.plist;
				INFOPLIST_KEY_UIApplicationSupportsIndirectInputEvents = YES;
				INFOPLIST_KEY_UILaunchStoryboardName = LaunchScreen;
				INFOPLIST_KEY_UIMainStoryboardFile = "";
				INFOPLIST_KEY_UISupportedInterfaceOrientations_iPad = "UIInterfaceOrientationPortrait UIInterfaceOrientationPortraitUpsideDown UIInterfaceOrientationLandscapeLeft UIInterfaceOrientationLandscapeRight";
				INFOPLIST_KEY_UISupportedInterfaceOrientations_iPhone = "UIInterfaceOrientationPortrait UIInterfaceOrientationLandscapeLeft UIInterfaceOrientationLandscapeRight";
				LD_RUNPATH_SEARCH_PATHS = (
					"$(inherited)",
					"@executable_path/Frameworks",
				);
				MARKETING_VERSION = 1.0;
				PRODUCT_BUNDLE_IDENTIFIER = "Rogerio-Martins.TheMoviesDB";
				PRODUCT_NAME = "$(TARGET_NAME)";
				SWIFT_EMIT_LOC_STRINGS = YES;
				SWIFT_VERSION = 5.0;
				TARGETED_DEVICE_FAMILY = "1,2";
			};
			name = Debug;
		};
		B67A21E129E19FBF00CB02BF /* Release */ = {
			isa = XCBuildConfiguration;
			baseConfigurationReference = 1752B6CBCC09664B22EA972F /* Pods-TheMoviesDB.release.xcconfig */;
			buildSettings = {
				ASSETCATALOG_COMPILER_APPICON_NAME = AppIcon;
				ASSETCATALOG_COMPILER_GLOBAL_ACCENT_COLOR_NAME = AccentColor;
				CODE_SIGN_STYLE = Automatic;
				CURRENT_PROJECT_VERSION = 1;
				GENERATE_INFOPLIST_FILE = YES;
				INFOPLIST_FILE = TheMoviesDB/Info.plist;
				INFOPLIST_KEY_UIApplicationSupportsIndirectInputEvents = YES;
				INFOPLIST_KEY_UILaunchStoryboardName = LaunchScreen;
				INFOPLIST_KEY_UIMainStoryboardFile = "";
				INFOPLIST_KEY_UISupportedInterfaceOrientations_iPad = "UIInterfaceOrientationPortrait UIInterfaceOrientationPortraitUpsideDown UIInterfaceOrientationLandscapeLeft UIInterfaceOrientationLandscapeRight";
				INFOPLIST_KEY_UISupportedInterfaceOrientations_iPhone = "UIInterfaceOrientationPortrait UIInterfaceOrientationLandscapeLeft UIInterfaceOrientationLandscapeRight";
				LD_RUNPATH_SEARCH_PATHS = (
					"$(inherited)",
					"@executable_path/Frameworks",
				);
				MARKETING_VERSION = 1.0;
				PRODUCT_BUNDLE_IDENTIFIER = "Rogerio-Martins.TheMoviesDB";
				PRODUCT_NAME = "$(TARGET_NAME)";
				SWIFT_EMIT_LOC_STRINGS = YES;
				SWIFT_VERSION = 5.0;
				TARGETED_DEVICE_FAMILY = "1,2";
			};
			name = Release;
		};
/* End XCBuildConfiguration section */

/* Begin XCConfigurationList section */
		B67A21C629E19FBE00CB02BF /* Build configuration list for PBXProject "TheMoviesDB" */ = {
			isa = XCConfigurationList;
			buildConfigurations = (
				B67A21DD29E19FBF00CB02BF /* Debug */,
				B67A21DE29E19FBF00CB02BF /* Release */,
			);
			defaultConfigurationIsVisible = 0;
			defaultConfigurationName = Release;
		};
		B67A21DF29E19FBF00CB02BF /* Build configuration list for PBXNativeTarget "TheMoviesDB" */ = {
			isa = XCConfigurationList;
			buildConfigurations = (
				B67A21E029E19FBF00CB02BF /* Debug */,
				B67A21E129E19FBF00CB02BF /* Release */,
			);
			defaultConfigurationIsVisible = 0;
			defaultConfigurationName = Release;
		};
/* End XCConfigurationList section */
	};
	rootObject = B67A21C329E19FBE00CB02BF /* Project object */;
}
